
Microsoft Visual Studio Solution File, Format Version 12.00
# Visual Studio Version 16
VisualStudioVersion = 16.0.30225.117
MinimumVisualStudioVersion = 10.0.40219.1
Project("{FAE04EC0-301F-11D3-BF4B-00C04F79EFBC}") = "LnkToFile", "LnkToFile\LnkToFile.csproj", "{23E5DD54-E44D-4AB8-8BD1-E2777DB314C2}"
EndProject
Global
	GlobalSection(SolutionConfigurationPlatforms) = preSolution
		Debug|Any CPU = Debug|Any CPU
		Release|Any CPU = Release|Any CPU
	EndGlobalSection
	GlobalSection(ProjectConfigurationPlatforms) = postSolution
		{23E5DD54-E44D-4AB8-8BD1-E2777DB314C2}.Debug|Any CPU.ActiveCfg = Debug|Any CPU
		{23E5DD54-E44D-4AB8-8BD1-E2777DB314C2}.Debug|Any CPU.Build.0 = Debug|Any CPU
		{23E5DD54-E44D-4AB8-8BD1-E2777DB314C2}.Release|Any CPU.ActiveCfg = Release|Any CPU
		{23E5DD54-E44D-4AB8-8BD1-E2777DB314C2}.Release|Any CPU.Build.0 = Release|Any CPU
	EndGlobalSection
	GlobalSection(SolutionProperties) = preSolution
		HideSolutionNode = FALSE
	EndGlobalSection
	GlobalSection(ExtensibilityGlobals) = postSolution
		SolutionGuid = {169FE3E1-6745-4CA3-8E05-240E077E0C44}
	EndGlobalSection
EndGlobal
